
Microsoft Visual Studio Solution File, Format Version 12.00
# Visual Studio Version 17
VisualStudioVersion = 17.2.32630.192
MinimumVisualStudioVersion = 10.0.40219.1
Project("{FAE04EC0-301F-11D3-BF4B-00C04F79EFBC}") = "dotnet-6-API", "dotnet-6-API\dotnet-6-API.csproj", "{127A08F3-A6B5-4266-9EDB-C1F0CB1231F2}"
EndProject
Global
	GlobalSection(SolutionConfigurationPlatforms) = preSolution
		Debug|Any CPU = Debug|Any CPU
		Release|Any CPU = Release|Any CPU
	EndGlobalSection
	GlobalSection(ProjectConfigurationPlatforms) = postSolution
		{127A08F3-A6B5-4266-9EDB-C1F0CB1231F2}.Debug|Any CPU.ActiveCfg = Debug|Any CPU
		{127A08F3-A6B5-4266-9EDB-C1F0CB1231F2}.Debug|Any CPU.Build.0 = Debug|Any CPU
		{127A08F3-A6B5-4266-9EDB-C1F0CB1231F2}.Release|Any CPU.ActiveCfg = Release|Any CPU
		{127A08F3-A6B5-4266-9EDB-C1F0CB1231F2}.Release|Any CPU.Build.0 = Release|Any CPU
	EndGlobalSection
	GlobalSection(SolutionProperties) = preSolution
		HideSolutionNode = FALSE
	EndGlobalSection
	GlobalSection(ExtensibilityGlobals) = postSolution
		SolutionGuid = {54C54B30-CC7B-4052-B977-65D8CE66EE9F}
	EndGlobalSection
EndGlobal
